// !$*UTF8*$!
{
	archiveVersion = 1;
	classes = {
	};
	objectVersion = 55;
	objects = {

/* Begin PBXBuildFile section */
		46D651FFD235B04596DB0C36 /* Pods_Mutables.framework in Frameworks */ = {isa = PBXBuildFile; fileRef = 2E7357B9FC4EF93D7A88FF56 /* Pods_Mutables.framework */; };
		B7172FDB27E7E44B009DFA6B /* FirstScreenVC.swift in Sources */ = {isa = PBXBuildFile; fileRef = B7172FDA27E7E44B009DFA6B /* FirstScreenVC.swift */; };
		B7172FDD27E7E45C009DFA6B /* SecondScreenVC.swift in Sources */ = {isa = PBXBuildFile; fileRef = B7172FDC27E7E45C009DFA6B /* SecondScreenVC.swift */; };
		B7172FDF27E7E46A009DFA6B /* ThirdScreenVC.swift in Sources */ = {isa = PBXBuildFile; fileRef = B7172FDE27E7E46A009DFA6B /* ThirdScreenVC.swift */; };
		B7172FE227E7E5AE009DFA6B /* MystertyForestVC.swift in Sources */ = {isa = PBXBuildFile; fileRef = B7172FE127E7E5AE009DFA6B /* MystertyForestVC.swift */; };
		B7172FE427E7EDF4009DFA6B /* YouLostAlertVC.swift in Sources */ = {isa = PBXBuildFile; fileRef = B7172FE327E7EDF4009DFA6B /* YouLostAlertVC.swift */; };
		B7172FE727E802AB009DFA6B /* victory.mp3 in Resources */ = {isa = PBXBuildFile; fileRef = B7172FE627E802AB009DFA6B /* victory.mp3 */; };
		B7172FE927E8044C009DFA6B /* Music.swift in Sources */ = {isa = PBXBuildFile; fileRef = B7172FE827E8044C009DFA6B /* Music.swift */; };
		B7172FEB27E80807009DFA6B /* lost.wav in Resources */ = {isa = PBXBuildFile; fileRef = B7172FEA27E80807009DFA6B /* lost.wav */; };
		B7172FED27E8245C009DFA6B /* forest.mp3 in Resources */ = {isa = PBXBuildFile; fileRef = B7172FEC27E8245C009DFA6B /* forest.mp3 */; };
		B7172FEF27E825CF009DFA6B /* background.mp3 in Resources */ = {isa = PBXBuildFile; fileRef = B7172FEE27E825CF009DFA6B /* background.mp3 */; };
		B74832FA27E6C3870039A5E8 /* CustomAlertVC.swift in Sources */ = {isa = PBXBuildFile; fileRef = B74832F827E6C3870039A5E8 /* CustomAlertVC.swift */; };
		B7493CF727FA658700A9C95D /* SixthScreenVC.swift in Sources */ = {isa = PBXBuildFile; fileRef = B7493CF627FA658700A9C95D /* SixthScreenVC.swift */; };
		B7493CF927FA659500A9C95D /* SeventhScreenVC.swift in Sources */ = {isa = PBXBuildFile; fileRef = B7493CF827FA659500A9C95D /* SeventhScreenVC.swift */; };
		B7493CFB27FA65BC00A9C95D /* EighthScreenVC.swift in Sources */ = {isa = PBXBuildFile; fileRef = B7493CFA27FA65BC00A9C95D /* EighthScreenVC.swift */; };
		B7493CFD27FA65CE00A9C95D /* NinthScreenVC.swift in Sources */ = {isa = PBXBuildFile; fileRef = B7493CFC27FA65CE00A9C95D /* NinthScreenVC.swift */; };
		B7493CFF27FA660D00A9C95D /* TenthScreenVC.swift in Sources */ = {isa = PBXBuildFile; fileRef = B7493CFE27FA660D00A9C95D /* TenthScreenVC.swift */; };
		B78826F127FBA24D00616524 /* FindOldLadyVC.swift in Sources */ = {isa = PBXBuildFile; fileRef = B78826F027FBA24D00616524 /* FindOldLadyVC.swift */; };
		B78826F327FBA94400616524 /* FindOldLadyAlertVC.swift in Sources */ = {isa = PBXBuildFile; fileRef = B78826F227FBA94400616524 /* FindOldLadyAlertVC.swift */; };
		B793660527CD6C15006BE71D /* ForgotPasswordVC.swift in Sources */ = {isa = PBXBuildFile; fileRef = B793660427CD6C15006BE71D /* ForgotPasswordVC.swift */; };
		B79C15F427B83CC7000153DB /* AppDelegate.swift in Sources */ = {isa = PBXBuildFile; fileRef = B79C15F327B83CC7000153DB /* AppDelegate.swift */; };
		B79C15F627B83CC7000153DB /* SceneDelegate.swift in Sources */ = {isa = PBXBuildFile; fileRef = B79C15F527B83CC7000153DB /* SceneDelegate.swift */; };
		B79C15F827B83CC7000153DB /* LaunchScreenVC.swift in Sources */ = {isa = PBXBuildFile; fileRef = B79C15F727B83CC7000153DB /* LaunchScreenVC.swift */; };
		B79C15FB27B83CC7000153DB /* Main.storyboard in Resources */ = {isa = PBXBuildFile; fileRef = B79C15F927B83CC7000153DB /* Main.storyboard */; };
		B79C15FD27B83CC9000153DB /* Assets.xcassets in Resources */ = {isa = PBXBuildFile; fileRef = B79C15FC27B83CC9000153DB /* Assets.xcassets */; };
		B79C160027B83CC9000153DB /* LaunchScreen.storyboard in Resources */ = {isa = PBXBuildFile; fileRef = B79C15FE27B83CC9000153DB /* LaunchScreen.storyboard */; };
		B79C160827B83DE6000153DB /* GoogleService-Info.plist in Resources */ = {isa = PBXBuildFile; fileRef = B79C160727B83DE6000153DB /* GoogleService-Info.plist */; };
		B79C5E1127CC395900AF562B /* HomeVC.swift in Sources */ = {isa = PBXBuildFile; fileRef = B79C5E1027CC395900AF562B /* HomeVC.swift */; };
		B79C5E1327CC3E5700AF562B /* SignUpEmailVC.swift in Sources */ = {isa = PBXBuildFile; fileRef = B79C5E1227CC3E5700AF562B /* SignUpEmailVC.swift */; };
		B79C5E1627CC426900AF562B /* HideKeyboard.swift in Sources */ = {isa = PBXBuildFile; fileRef = B79C5E1527CC426900AF562B /* HideKeyboard.swift */; };
		B79C5E1827CC44CB00AF562B /* SignUpPassVC.swift in Sources */ = {isa = PBXBuildFile; fileRef = B79C5E1727CC44CB00AF562B /* SignUpPassVC.swift */; };
		B79C5E1A27CC47F600AF562B /* SignInVC.swift in Sources */ = {isa = PBXBuildFile; fileRef = B79C5E1927CC47F600AF562B /* SignInVC.swift */; };
		B79D4AE827CB11D100AFA341 /* Lobster-Regular.ttf in Resources */ = {isa = PBXBuildFile; fileRef = B79D4AE727CB11D100AFA341 /* Lobster-Regular.ttf */; };
		B79D4AEB27CB123900AFA341 /* LobsterTwo-Regular.ttf in Resources */ = {isa = PBXBuildFile; fileRef = B79D4AE927CB123900AFA341 /* LobsterTwo-Regular.ttf */; };
		B79D4AEC27CB123900AFA341 /* LobsterTwo-Bold.ttf in Resources */ = {isa = PBXBuildFile; fileRef = B79D4AEA27CB123900AFA341 /* LobsterTwo-Bold.ttf */; };
		B79D4AEF27CB254600AFA341 /* LoginVC.swift in Sources */ = {isa = PBXBuildFile; fileRef = B79D4AEE27CB254500AFA341 /* LoginVC.swift */; };
		B7AB061027CE925A00C73802 /* Validation.swift in Sources */ = {isa = PBXBuildFile; fileRef = B7AB060F27CE925A00C73802 /* Validation.swift */; };
		B7AB061A27CEE14B00C73802 /* MutablesTests.swift in Sources */ = {isa = PBXBuildFile; fileRef = B7AB061927CEE14B00C73802 /* MutablesTests.swift */; };
		B7C917CB27F7899600371D1E /* FourthScreenVC.swift in Sources */ = {isa = PBXBuildFile; fileRef = B7C917CA27F7899600371D1E /* FourthScreenVC.swift */; };
		B7C917CD27F78B1B00371D1E /* FifthScreenVC.swift in Sources */ = {isa = PBXBuildFile; fileRef = B7C917CC27F78B1B00371D1E /* FifthScreenVC.swift */; };
/* End PBXBuildFile section */

/* Begin PBXContainerItemProxy section */
		B7AB061B27CEE14B00C73802 /* PBXContainerItemProxy */ = {
			isa = PBXContainerItemProxy;
			containerPortal = B79C15E827B83CC7000153DB /* Project object */;
			proxyType = 1;
			remoteGlobalIDString = B79C15EF27B83CC7000153DB;
			remoteInfo = Mutables;
		};
/* End PBXContainerItemProxy section */

/* Begin PBXFileReference section */
		2DFFE3830007A51D6038252B /* Pods-Mutables.release.xcconfig */ = {isa = PBXFileReference; includeInIndex = 1; lastKnownFileType = text.xcconfig; name = "Pods-Mutables.release.xcconfig"; path = "Target Support Files/Pods-Mutables/Pods-Mutables.release.xcconfig"; sourceTree = "<group>"; };
		2E7357B9FC4EF93D7A88FF56 /* Pods_Mutables.framework */ = {isa = PBXFileReference; explicitFileType = wrapper.framework; includeInIndex = 0; path = Pods_Mutables.framework; sourceTree = BUILT_PRODUCTS_DIR; };
		5E79081EDF0FD23B99D8552C /* Pods-Mutables.debug.xcconfig */ = {isa = PBXFileReference; includeInIndex = 1; lastKnownFileType = text.xcconfig; name = "Pods-Mutables.debug.xcconfig"; path = "Target Support Files/Pods-Mutables/Pods-Mutables.debug.xcconfig"; sourceTree = "<group>"; };
		B7172FDA27E7E44B009DFA6B /* FirstScreenVC.swift */ = {isa = PBXFileReference; lastKnownFileType = sourcecode.swift; path = FirstScreenVC.swift; sourceTree = "<group>"; };
		B7172FDC27E7E45C009DFA6B /* SecondScreenVC.swift */ = {isa = PBXFileReference; lastKnownFileType = sourcecode.swift; path = SecondScreenVC.swift; sourceTree = "<group>"; };
		B7172FDE27E7E46A009DFA6B /* ThirdScreenVC.swift */ = {isa = PBXFileReference; lastKnownFileType = sourcecode.swift; path = ThirdScreenVC.swift; sourceTree = "<group>"; };
		B7172FE127E7E5AE009DFA6B /* MystertyForestVC.swift */ = {isa = PBXFileReference; lastKnownFileType = sourcecode.swift; path = MystertyForestVC.swift; sourceTree = "<group>"; };
		B7172FE327E7EDF4009DFA6B /* YouLostAlertVC.swift */ = {isa = PBXFileReference; lastKnownFileType = sourcecode.swift; path = YouLostAlertVC.swift; sourceTree = "<group>"; };
		B7172FE627E802AB009DFA6B /* victory.mp3 */ = {isa = PBXFileReference; lastKnownFileType = audio.mp3; path = victory.mp3; sourceTree = "<group>"; };
		B7172FE827E8044C009DFA6B /* Music.swift */ = {isa = PBXFileReference; lastKnownFileType = sourcecode.swift; path = Music.swift; sourceTree = "<group>"; };
		B7172FEA27E80807009DFA6B /* lost.wav */ = {isa = PBXFileReference; lastKnownFileType = audio.wav; path = lost.wav; sourceTree = "<group>"; };
		B7172FEC27E8245C009DFA6B /* forest.mp3 */ = {isa = PBXFileReference; lastKnownFileType = audio.mp3; path = forest.mp3; sourceTree = "<group>"; };
		B7172FEE27E825CF009DFA6B /* background.mp3 */ = {isa = PBXFileReference; lastKnownFileType = audio.mp3; path = background.mp3; sourceTree = "<group>"; };
		B74832F827E6C3870039A5E8 /* CustomAlertVC.swift */ = {isa = PBXFileReference; lastKnownFileType = sourcecode.swift; path = CustomAlertVC.swift; sourceTree = "<group>"; };
		B7493CF627FA658700A9C95D /* SixthScreenVC.swift */ = {isa = PBXFileReference; lastKnownFileType = sourcecode.swift; path = SixthScreenVC.swift; sourceTree = "<group>"; };
		B7493CF827FA659500A9C95D /* SeventhScreenVC.swift */ = {isa = PBXFileReference; lastKnownFileType = sourcecode.swift; path = SeventhScreenVC.swift; sourceTree = "<group>"; };
		B7493CFA27FA65BC00A9C95D /* EighthScreenVC.swift */ = {isa = PBXFileReference; lastKnownFileType = sourcecode.swift; path = EighthScreenVC.swift; sourceTree = "<group>"; };
		B7493CFC27FA65CE00A9C95D /* NinthScreenVC.swift */ = {isa = PBXFileReference; lastKnownFileType = sourcecode.swift; path = NinthScreenVC.swift; sourceTree = "<group>"; };
		B7493CFE27FA660D00A9C95D /* TenthScreenVC.swift */ = {isa = PBXFileReference; lastKnownFileType = sourcecode.swift; path = TenthScreenVC.swift; sourceTree = "<group>"; };
		B78826F027FBA24D00616524 /* FindOldLadyVC.swift */ = {isa = PBXFileReference; lastKnownFileType = sourcecode.swift; path = FindOldLadyVC.swift; sourceTree = "<group>"; };
		B78826F227FBA94400616524 /* FindOldLadyAlertVC.swift */ = {isa = PBXFileReference; lastKnownFileType = sourcecode.swift; path = FindOldLadyAlertVC.swift; sourceTree = "<group>"; };
		B793660427CD6C15006BE71D /* ForgotPasswordVC.swift */ = {isa = PBXFileReference; lastKnownFileType = sourcecode.swift; path = ForgotPasswordVC.swift; sourceTree = "<group>"; };
		B79C15F027B83CC7000153DB /* Mutables.app */ = {isa = PBXFileReference; explicitFileType = wrapper.application; includeInIndex = 0; path = Mutables.app; sourceTree = BUILT_PRODUCTS_DIR; };
		B79C15F327B83CC7000153DB /* AppDelegate.swift */ = {isa = PBXFileReference; lastKnownFileType = sourcecode.swift; path = AppDelegate.swift; sourceTree = "<group>"; };
		B79C15F527B83CC7000153DB /* SceneDelegate.swift */ = {isa = PBXFileReference; lastKnownFileType = sourcecode.swift; path = SceneDelegate.swift; sourceTree = "<group>"; };
		B79C15F727B83CC7000153DB /* LaunchScreenVC.swift */ = {isa = PBXFileReference; lastKnownFileType = sourcecode.swift; path = LaunchScreenVC.swift; sourceTree = "<group>"; };
		B79C15FA27B83CC7000153DB /* Base */ = {isa = PBXFileReference; lastKnownFileType = file.storyboard; name = Base; path = Base.lproj/Main.storyboard; sourceTree = "<group>"; };
		B79C15FC27B83CC9000153DB /* Assets.xcassets */ = {isa = PBXFileReference; lastKnownFileType = folder.assetcatalog; path = Assets.xcassets; sourceTree = "<group>"; };
		B79C15FF27B83CC9000153DB /* Base */ = {isa = PBXFileReference; lastKnownFileType = file.storyboard; name = Base; path = Base.lproj/LaunchScreen.storyboard; sourceTree = "<group>"; };
		B79C160127B83CC9000153DB /* Info.plist */ = {isa = PBXFileReference; lastKnownFileType = text.plist.xml; path = Info.plist; sourceTree = "<group>"; };
		B79C160727B83DE6000153DB /* GoogleService-Info.plist */ = {isa = PBXFileReference; fileEncoding = 4; lastKnownFileType = text.plist.xml; path = "GoogleService-Info.plist"; sourceTree = "<group>"; };
		B79C5E0F27CC346D00AF562B /* Mutables.entitlements */ = {isa = PBXFileReference; lastKnownFileType = text.plist.entitlements; path = Mutables.entitlements; sourceTree = "<group>"; };
		B79C5E1027CC395900AF562B /* HomeVC.swift */ = {isa = PBXFileReference; lastKnownFileType = sourcecode.swift; path = HomeVC.swift; sourceTree = "<group>"; };
		B79C5E1227CC3E5700AF562B /* SignUpEmailVC.swift */ = {isa = PBXFileReference; lastKnownFileType = sourcecode.swift; path = SignUpEmailVC.swift; sourceTree = "<group>"; };
		B79C5E1527CC426900AF562B /* HideKeyboard.swift */ = {isa = PBXFileReference; lastKnownFileType = sourcecode.swift; path = HideKeyboard.swift; sourceTree = "<group>"; };
		B79C5E1727CC44CB00AF562B /* SignUpPassVC.swift */ = {isa = PBXFileReference; lastKnownFileType = sourcecode.swift; path = SignUpPassVC.swift; sourceTree = "<group>"; };
		B79C5E1927CC47F600AF562B /* SignInVC.swift */ = {isa = PBXFileReference; lastKnownFileType = sourcecode.swift; path = SignInVC.swift; sourceTree = "<group>"; };
		B79D4AE727CB11D100AFA341 /* Lobster-Regular.ttf */ = {isa = PBXFileReference; lastKnownFileType = file; path = "Lobster-Regular.ttf"; sourceTree = "<group>"; };
		B79D4AE927CB123900AFA341 /* LobsterTwo-Regular.ttf */ = {isa = PBXFileReference; lastKnownFileType = file; path = "LobsterTwo-Regular.ttf"; sourceTree = "<group>"; };
		B79D4AEA27CB123900AFA341 /* LobsterTwo-Bold.ttf */ = {isa = PBXFileReference; lastKnownFileType = file; path = "LobsterTwo-Bold.ttf"; sourceTree = "<group>"; };
		B79D4AEE27CB254500AFA341 /* LoginVC.swift */ = {isa = PBXFileReference; lastKnownFileType = sourcecode.swift; path = LoginVC.swift; sourceTree = "<group>"; };
		B7AB060F27CE925A00C73802 /* Validation.swift */ = {isa = PBXFileReference; lastKnownFileType = sourcecode.swift; path = Validation.swift; sourceTree = "<group>"; };
		B7AB061727CEE14B00C73802 /* MutablesTests.xctest */ = {isa = PBXFileReference; explicitFileType = wrapper.cfbundle; includeInIndex = 0; path = MutablesTests.xctest; sourceTree = BUILT_PRODUCTS_DIR; };
		B7AB061927CEE14B00C73802 /* MutablesTests.swift */ = {isa = PBXFileReference; lastKnownFileType = sourcecode.swift; path = MutablesTests.swift; sourceTree = "<group>"; };
		B7C917CA27F7899600371D1E /* FourthScreenVC.swift */ = {isa = PBXFileReference; lastKnownFileType = sourcecode.swift; path = FourthScreenVC.swift; sourceTree = "<group>"; };
		B7C917CC27F78B1B00371D1E /* FifthScreenVC.swift */ = {isa = PBXFileReference; lastKnownFileType = sourcecode.swift; path = FifthScreenVC.swift; sourceTree = "<group>"; };
/* End PBXFileReference section */

/* Begin PBXFrameworksBuildPhase section */
		B79C15ED27B83CC7000153DB /* Frameworks */ = {
			isa = PBXFrameworksBuildPhase;
			buildActionMask = 2147483647;
			files = (
				46D651FFD235B04596DB0C36 /* Pods_Mutables.framework in Frameworks */,
			);
			runOnlyForDeploymentPostprocessing = 0;
		};
		B7AB061427CEE14B00C73802 /* Frameworks */ = {
			isa = PBXFrameworksBuildPhase;
			buildActionMask = 2147483647;
			files = (
			);
			runOnlyForDeploymentPostprocessing = 0;
		};
/* End PBXFrameworksBuildPhase section */

/* Begin PBXGroup section */
		565A52B6F8C9160DBAD17124 /* Pods */ = {
			isa = PBXGroup;
			children = (
				5E79081EDF0FD23B99D8552C /* Pods-Mutables.debug.xcconfig */,
				2DFFE3830007A51D6038252B /* Pods-Mutables.release.xcconfig */,
			);
			path = Pods;
			sourceTree = "<group>";
		};
		A3EDF6C0050358E93323F196 /* Frameworks */ = {
			isa = PBXGroup;
			children = (
				2E7357B9FC4EF93D7A88FF56 /* Pods_Mutables.framework */,
			);
			name = Frameworks;
			sourceTree = "<group>";
		};
		B7172FD827E7E40E009DFA6B /* Quests VCs */ = {
			isa = PBXGroup;
			children = (
				B7172FE127E7E5AE009DFA6B /* MystertyForestVC.swift */,
				B78826F027FBA24D00616524 /* FindOldLadyVC.swift */,
			);
			path = "Quests VCs";
			sourceTree = "<group>";
		};
		B7172FD927E7E42D009DFA6B /* Story VCs */ = {
			isa = PBXGroup;
			children = (
				B7172FDA27E7E44B009DFA6B /* FirstScreenVC.swift */,
				B7172FDC27E7E45C009DFA6B /* SecondScreenVC.swift */,
				B7172FDE27E7E46A009DFA6B /* ThirdScreenVC.swift */,
				B7C917CA27F7899600371D1E /* FourthScreenVC.swift */,
				B7C917CC27F78B1B00371D1E /* FifthScreenVC.swift */,
				B7493CF627FA658700A9C95D /* SixthScreenVC.swift */,
				B7493CF827FA659500A9C95D /* SeventhScreenVC.swift */,
				B7493CFA27FA65BC00A9C95D /* EighthScreenVC.swift */,
				B7493CFC27FA65CE00A9C95D /* NinthScreenVC.swift */,
				B7493CFE27FA660D00A9C95D /* TenthScreenVC.swift */,
			);
			name = "Story VCs";
			sourceTree = "<group>";
		};
		B7172FE027E7E47F009DFA6B /* Login VCs */ = {
			isa = PBXGroup;
			children = (
				B79D4AEE27CB254500AFA341 /* LoginVC.swift */,
				B79C5E1027CC395900AF562B /* HomeVC.swift */,
				B79C5E1227CC3E5700AF562B /* SignUpEmailVC.swift */,
				B79C5E1727CC44CB00AF562B /* SignUpPassVC.swift */,
				B79C5E1927CC47F600AF562B /* SignInVC.swift */,
				B793660427CD6C15006BE71D /* ForgotPasswordVC.swift */,
			);
			path = "Login VCs";
			sourceTree = "<group>";
		};
		B7172FE527E8029A009DFA6B /* Musics */ = {
			isa = PBXGroup;
			children = (
				B7172FE627E802AB009DFA6B /* victory.mp3 */,
				B7172FEA27E80807009DFA6B /* lost.wav */,
				B7172FEE27E825CF009DFA6B /* background.mp3 */,
				B7172FEC27E8245C009DFA6B /* forest.mp3 */,
				B7172FE827E8044C009DFA6B /* Music.swift */,
			);
			path = Musics;
			sourceTree = "<group>";
		};
		B74832F727E6C34E0039A5E8 /* Alerts */ = {
			isa = PBXGroup;
			children = (
				B74832F827E6C3870039A5E8 /* CustomAlertVC.swift */,
				B7172FE327E7EDF4009DFA6B /* YouLostAlertVC.swift */,
				B78826F227FBA94400616524 /* FindOldLadyAlertVC.swift */,
			);
			path = Alerts;
			sourceTree = "<group>";
		};
		B79C15E727B83CC7000153DB = {
			isa = PBXGroup;
			children = (
				B79C15F227B83CC7000153DB /* Mutables */,
				B7AB061827CEE14B00C73802 /* MutablesTests */,
				B79C15F127B83CC7000153DB /* Products */,
				565A52B6F8C9160DBAD17124 /* Pods */,
				A3EDF6C0050358E93323F196 /* Frameworks */,
			);
			sourceTree = "<group>";
		};
		B79C15F127B83CC7000153DB /* Products */ = {
			isa = PBXGroup;
			children = (
				B79C15F027B83CC7000153DB /* Mutables.app */,
				B7AB061727CEE14B00C73802 /* MutablesTests.xctest */,
			);
			name = Products;
			sourceTree = "<group>";
		};
		B79C15F227B83CC7000153DB /* Mutables */ = {
			isa = PBXGroup;
			children = (
				B7172FE527E8029A009DFA6B /* Musics */,
				B74832F727E6C34E0039A5E8 /* Alerts */,
				B7AB060E27CE924900C73802 /* Validations */,
				B79C5E1427CC424800AF562B /* Extensions */,
				B79C5E0F27CC346D00AF562B /* Mutables.entitlements */,
				B79D4AE627CB11AE00AFA341 /* Fonts */,
				B79C15F327B83CC7000153DB /* AppDelegate.swift */,
				B79C15F527B83CC7000153DB /* SceneDelegate.swift */,
				B79D4AED27CB253600AFA341 /* VCs */,
				B79C15F927B83CC7000153DB /* Main.storyboard */,
				B79C15FC27B83CC9000153DB /* Assets.xcassets */,
				B79C15FE27B83CC9000153DB /* LaunchScreen.storyboard */,
				B79C160127B83CC9000153DB /* Info.plist */,
				B79C160727B83DE6000153DB /* GoogleService-Info.plist */,
			);
			path = Mutables;
			sourceTree = "<group>";
		};
		B79C5E1427CC424800AF562B /* Extensions */ = {
			isa = PBXGroup;
			children = (
				B79C5E1527CC426900AF562B /* HideKeyboard.swift */,
			);
			path = Extensions;
			sourceTree = "<group>";
		};
		B79D4AE627CB11AE00AFA341 /* Fonts */ = {
			isa = PBXGroup;
			children = (
				B79D4AE727CB11D100AFA341 /* Lobster-Regular.ttf */,
				B79D4AEA27CB123900AFA341 /* LobsterTwo-Bold.ttf */,
				B79D4AE927CB123900AFA341 /* LobsterTwo-Regular.ttf */,
			);
			name = Fonts;
			path = ..;
			sourceTree = "<group>";
		};
		B79D4AED27CB253600AFA341 /* VCs */ = {
			isa = PBXGroup;
			children = (
				B79C15F727B83CC7000153DB /* LaunchScreenVC.swift */,
				B7172FE027E7E47F009DFA6B /* Login VCs */,
				B7172FD927E7E42D009DFA6B /* Story VCs */,
				B7172FD827E7E40E009DFA6B /* Quests VCs */,
			);
			path = VCs;
			sourceTree = "<group>";
		};
		B7AB060E27CE924900C73802 /* Validations */ = {
			isa = PBXGroup;
			children = (
				B7AB060F27CE925A00C73802 /* Validation.swift */,
			);
			path = Validations;
			sourceTree = "<group>";
		};
		B7AB061827CEE14B00C73802 /* MutablesTests */ = {
			isa = PBXGroup;
			children = (
				B7AB061927CEE14B00C73802 /* MutablesTests.swift */,
			);
			path = MutablesTests;
			sourceTree = "<group>";
		};
/* End PBXGroup section */

/* Begin PBXNativeTarget section */
		B79C15EF27B83CC7000153DB /* Mutables */ = {
			isa = PBXNativeTarget;
			buildConfigurationList = B79C160427B83CC9000153DB /* Build configuration list for PBXNativeTarget "Mutables" */;
			buildPhases = (
				891DD5D0FC286CC482049A61 /* [CP] Check Pods Manifest.lock */,
				B79C15EC27B83CC7000153DB /* Sources */,
				B79C15ED27B83CC7000153DB /* Frameworks */,
				B79C15EE27B83CC7000153DB /* Resources */,
				5B10FB0E2544232557CA2E37 /* [CP] Embed Pods Frameworks */,
			);
			buildRules = (
			);
			dependencies = (
			);
			name = Mutables;
			productName = Mutables;
			productReference = B79C15F027B83CC7000153DB /* Mutables.app */;
			productType = "com.apple.product-type.application";
		};
		B7AB061627CEE14B00C73802 /* MutablesTests */ = {
			isa = PBXNativeTarget;
			buildConfigurationList = B7AB061D27CEE14B00C73802 /* Build configuration list for PBXNativeTarget "MutablesTests" */;
			buildPhases = (
				B7AB061327CEE14B00C73802 /* Sources */,
				B7AB061427CEE14B00C73802 /* Frameworks */,
				B7AB061527CEE14B00C73802 /* Resources */,
			);
			buildRules = (
			);
			dependencies = (
				B7AB061C27CEE14B00C73802 /* PBXTargetDependency */,
			);
			name = MutablesTests;
			productName = MutablesTests;
			productReference = B7AB061727CEE14B00C73802 /* MutablesTests.xctest */;
			productType = "com.apple.product-type.bundle.unit-test";
		};
/* End PBXNativeTarget section */

/* Begin PBXProject section */
		B79C15E827B83CC7000153DB /* Project object */ = {
			isa = PBXProject;
			attributes = {
				BuildIndependentTargetsInParallel = 1;
				LastSwiftUpdateCheck = 1320;
				LastUpgradeCheck = 1320;
				TargetAttributes = {
					B79C15EF27B83CC7000153DB = {
						CreatedOnToolsVersion = 13.2.1;
					};
					B7AB061627CEE14B00C73802 = {
						CreatedOnToolsVersion = 13.2.1;
						TestTargetID = B79C15EF27B83CC7000153DB;
					};
				};
			};
			buildConfigurationList = B79C15EB27B83CC7000153DB /* Build configuration list for PBXProject "Mutables" */;
			compatibilityVersion = "Xcode 13.0";
			developmentRegion = en;
			hasScannedForEncodings = 0;
			knownRegions = (
				en,
				Base,
			);
			mainGroup = B79C15E727B83CC7000153DB;
			productRefGroup = B79C15F127B83CC7000153DB /* Products */;
			projectDirPath = "";
			projectRoot = "";
			targets = (
				B79C15EF27B83CC7000153DB /* Mutables */,
				B7AB061627CEE14B00C73802 /* MutablesTests */,
			);
		};
/* End PBXProject section */

/* Begin PBXResourcesBuildPhase section */
		B79C15EE27B83CC7000153DB /* Resources */ = {
			isa = PBXResourcesBuildPhase;
			buildActionMask = 2147483647;
			files = (
				B79D4AEB27CB123900AFA341 /* LobsterTwo-Regular.ttf in Resources */,
				B7172FE727E802AB009DFA6B /* victory.mp3 in Resources */,
				B79D4AE827CB11D100AFA341 /* Lobster-Regular.ttf in Resources */,
				B79C160027B83CC9000153DB /* LaunchScreen.storyboard in Resources */,
				B79D4AEC27CB123900AFA341 /* LobsterTwo-Bold.ttf in Resources */,
				B7172FEB27E80807009DFA6B /* lost.wav in Resources */,
				B79C15FD27B83CC9000153DB /* Assets.xcassets in Resources */,
				B79C160827B83DE6000153DB /* GoogleService-Info.plist in Resources */,
				B7172FEF27E825CF009DFA6B /* background.mp3 in Resources */,
				B79C15FB27B83CC7000153DB /* Main.storyboard in Resources */,
				B7172FED27E8245C009DFA6B /* forest.mp3 in Resources */,
			);
			runOnlyForDeploymentPostprocessing = 0;
		};
		B7AB061527CEE14B00C73802 /* Resources */ = {
			isa = PBXResourcesBuildPhase;
			buildActionMask = 2147483647;
			files = (
			);
			runOnlyForDeploymentPostprocessing = 0;
		};
/* End PBXResourcesBuildPhase section */

/* Begin PBXShellScriptBuildPhase section */
		5B10FB0E2544232557CA2E37 /* [CP] Embed Pods Frameworks */ = {
			isa = PBXShellScriptBuildPhase;
			buildActionMask = 2147483647;
			files = (
			);
			inputFileListPaths = (
				"${PODS_ROOT}/Target Support Files/Pods-Mutables/Pods-Mutables-frameworks-${CONFIGURATION}-input-files.xcfilelist",
			);
			name = "[CP] Embed Pods Frameworks";
			outputFileListPaths = (
				"${PODS_ROOT}/Target Support Files/Pods-Mutables/Pods-Mutables-frameworks-${CONFIGURATION}-output-files.xcfilelist",
			);
			runOnlyForDeploymentPostprocessing = 0;
			shellPath = /bin/sh;
			shellScript = "\"${PODS_ROOT}/Target Support Files/Pods-Mutables/Pods-Mutables-frameworks.sh\"\n";
			showEnvVarsInLog = 0;
		};
		891DD5D0FC286CC482049A61 /* [CP] Check Pods Manifest.lock */ = {
			isa = PBXShellScriptBuildPhase;
			buildActionMask = 2147483647;
			files = (
			);
			inputFileListPaths = (
			);
			inputPaths = (
				"${PODS_PODFILE_DIR_PATH}/Podfile.lock",
				"${PODS_ROOT}/Manifest.lock",
			);
			name = "[CP] Check Pods Manifest.lock";
			outputFileListPaths = (
			);
			outputPaths = (
				"$(DERIVED_FILE_DIR)/Pods-Mutables-checkManifestLockResult.txt",
			);
			runOnlyForDeploymentPostprocessing = 0;
			shellPath = /bin/sh;
			shellScript = "diff \"${PODS_PODFILE_DIR_PATH}/Podfile.lock\" \"${PODS_ROOT}/Manifest.lock\" > /dev/null\nif [ $? != 0 ] ; then\n    # print error to STDERR\n    echo \"error: The sandbox is not in sync with the Podfile.lock. Run 'pod install' or update your CocoaPods installation.\" >&2\n    exit 1\nfi\n# This output is used by Xcode 'outputs' to avoid re-running this script phase.\necho \"SUCCESS\" > \"${SCRIPT_OUTPUT_FILE_0}\"\n";
			showEnvVarsInLog = 0;
		};
/* End PBXShellScriptBuildPhase section */

/* Begin PBXSourcesBuildPhase section */
		B79C15EC27B83CC7000153DB /* Sources */ = {
			isa = PBXSourcesBuildPhase;
			buildActionMask = 2147483647;
			files = (
				B79C15F827B83CC7000153DB /* LaunchScreenVC.swift in Sources */,
				B7172FDD27E7E45C009DFA6B /* SecondScreenVC.swift in Sources */,
				B7172FDF27E7E46A009DFA6B /* ThirdScreenVC.swift in Sources */,
				B78826F127FBA24D00616524 /* FindOldLadyVC.swift in Sources */,
				B79C5E1127CC395900AF562B /* HomeVC.swift in Sources */,
				B74832FA27E6C3870039A5E8 /* CustomAlertVC.swift in Sources */,
				B7172FE927E8044C009DFA6B /* Music.swift in Sources */,
				B7AB061027CE925A00C73802 /* Validation.swift in Sources */,
				B79C5E1A27CC47F600AF562B /* SignInVC.swift in Sources */,
				B7493CFD27FA65CE00A9C95D /* NinthScreenVC.swift in Sources */,
				B7172FE427E7EDF4009DFA6B /* YouLostAlertVC.swift in Sources */,
				B79D4AEF27CB254600AFA341 /* LoginVC.swift in Sources */,
				B7493CF727FA658700A9C95D /* SixthScreenVC.swift in Sources */,
				B793660527CD6C15006BE71D /* ForgotPasswordVC.swift in Sources */,
				B7493CF927FA659500A9C95D /* SeventhScreenVC.swift in Sources */,
				B78826F327FBA94400616524 /* FindOldLadyAlertVC.swift in Sources */,
				B79C5E1827CC44CB00AF562B /* SignUpPassVC.swift in Sources */,
				B7493CFB27FA65BC00A9C95D /* EighthScreenVC.swift in Sources */,
				B7493CFF27FA660D00A9C95D /* TenthScreenVC.swift in Sources */,
				B79C5E1627CC426900AF562B /* HideKeyboard.swift in Sources */,
				B7C917CB27F7899600371D1E /* FourthScreenVC.swift in Sources */,
				B79C15F427B83CC7000153DB /* AppDelegate.swift in Sources */,
				B7172FDB27E7E44B009DFA6B /* FirstScreenVC.swift in Sources */,
				B7C917CD27F78B1B00371D1E /* FifthScreenVC.swift in Sources */,
				B79C15F627B83CC7000153DB /* SceneDelegate.swift in Sources */,
				B7172FE227E7E5AE009DFA6B /* MystertyForestVC.swift in Sources */,
				B79C5E1327CC3E5700AF562B /* SignUpEmailVC.swift in Sources */,
			);
			runOnlyForDeploymentPostprocessing = 0;
		};
		B7AB061327CEE14B00C73802 /* Sources */ = {
			isa = PBXSourcesBuildPhase;
			buildActionMask = 2147483647;
			files = (
				B7AB061A27CEE14B00C73802 /* MutablesTests.swift in Sources */,
			);
			runOnlyForDeploymentPostprocessing = 0;
		};
/* End PBXSourcesBuildPhase section */

/* Begin PBXTargetDependency section */
		B7AB061C27CEE14B00C73802 /* PBXTargetDependency */ = {
			isa = PBXTargetDependency;
			target = B79C15EF27B83CC7000153DB /* Mutables */;
			targetProxy = B7AB061B27CEE14B00C73802 /* PBXContainerItemProxy */;
		};
/* End PBXTargetDependency section */

/* Begin PBXVariantGroup section */
		B79C15F927B83CC7000153DB /* Main.storyboard */ = {
			isa = PBXVariantGroup;
			children = (
				B79C15FA27B83CC7000153DB /* Base */,
			);
			name = Main.storyboard;
			sourceTree = "<group>";
		};
		B79C15FE27B83CC9000153DB /* LaunchScreen.storyboard */ = {
			isa = PBXVariantGroup;
			children = (
				B79C15FF27B83CC9000153DB /* Base */,
			);
			name = LaunchScreen.storyboard;
			sourceTree = "<group>";
		};
/* End PBXVariantGroup section */

/* Begin XCBuildConfiguration section */
		B79C160227B83CC9000153DB /* Debug */ = {
			isa = XCBuildConfiguration;
			buildSettings = {
				ALWAYS_SEARCH_USER_PATHS = NO;
				CLANG_ANALYZER_NONNULL = YES;
				CLANG_ANALYZER_NUMBER_OBJECT_CONVERSION = YES_AGGRESSIVE;
				CLANG_CXX_LANGUAGE_STANDARD = "gnu++17";
				CLANG_CXX_LIBRARY = "libc++";
				CLANG_ENABLE_MODULES = YES;
				CLANG_ENABLE_OBJC_ARC = YES;
				CLANG_ENABLE_OBJC_WEAK = YES;
				CLANG_WARN_BLOCK_CAPTURE_AUTORELEASING = YES;
				CLANG_WARN_BOOL_CONVERSION = YES;
				CLANG_WARN_COMMA = YES;
				CLANG_WARN_CONSTANT_CONVERSION = YES;
				CLANG_WARN_DEPRECATED_OBJC_IMPLEMENTATIONS = YES;
				CLANG_WARN_DIRECT_OBJC_ISA_USAGE = YES_ERROR;
				CLANG_WARN_DOCUMENTATION_COMMENTS = YES;
				CLANG_WARN_EMPTY_BODY = YES;
				CLANG_WARN_ENUM_CONVERSION = YES;
				CLANG_WARN_INFINITE_RECURSION = YES;
				CLANG_WARN_INT_CONVERSION = YES;
				CLANG_WARN_NON_LITERAL_NULL_CONVERSION = YES;
				CLANG_WARN_OBJC_IMPLICIT_RETAIN_SELF = YES;
				CLANG_WARN_OBJC_LITERAL_CONVERSION = YES;
				CLANG_WARN_OBJC_ROOT_CLASS = YES_ERROR;
				CLANG_WARN_QUOTED_INCLUDE_IN_FRAMEWORK_HEADER = YES;
				CLANG_WARN_RANGE_LOOP_ANALYSIS = YES;
				CLANG_WARN_STRICT_PROTOTYPES = YES;
				CLANG_WARN_SUSPICIOUS_MOVE = YES;
				CLANG_WARN_UNGUARDED_AVAILABILITY = YES_AGGRESSIVE;
				CLANG_WARN_UNREACHABLE_CODE = YES;
				CLANG_WARN__DUPLICATE_METHOD_MATCH = YES;
				COPY_PHASE_STRIP = NO;
				DEBUG_INFORMATION_FORMAT = dwarf;
				ENABLE_STRICT_OBJC_MSGSEND = YES;
				ENABLE_TESTABILITY = YES;
				GCC_C_LANGUAGE_STANDARD = gnu11;
				GCC_DYNAMIC_NO_PIC = NO;
				GCC_NO_COMMON_BLOCKS = YES;
				GCC_OPTIMIZATION_LEVEL = 0;
				GCC_PREPROCESSOR_DEFINITIONS = (
					"DEBUG=1",
					"$(inherited)",
				);
				GCC_WARN_64_TO_32_BIT_CONVERSION = YES;
				GCC_WARN_ABOUT_RETURN_TYPE = YES_ERROR;
				GCC_WARN_UNDECLARED_SELECTOR = YES;
				GCC_WARN_UNINITIALIZED_AUTOS = YES_AGGRESSIVE;
				GCC_WARN_UNUSED_FUNCTION = YES;
				GCC_WARN_UNUSED_VARIABLE = YES;
				IPHONEOS_DEPLOYMENT_TARGET = 15.2;
				MTL_ENABLE_DEBUG_INFO = INCLUDE_SOURCE;
				MTL_FAST_MATH = YES;
				ONLY_ACTIVE_ARCH = YES;
				SDKROOT = iphoneos;
				SWIFT_ACTIVE_COMPILATION_CONDITIONS = DEBUG;
				SWIFT_OPTIMIZATION_LEVEL = "-Onone";
			};
			name = Debug;
		};
		B79C160327B83CC9000153DB /* Release */ = {
			isa = XCBuildConfiguration;
			buildSettings = {
				ALWAYS_SEARCH_USER_PATHS = NO;
				CLANG_ANALYZER_NONNULL = YES;
				CLANG_ANALYZER_NUMBER_OBJECT_CONVERSION = YES_AGGRESSIVE;
				CLANG_CXX_LANGUAGE_STANDARD = "gnu++17";
				CLANG_CXX_LIBRARY = "libc++";
				CLANG_ENABLE_MODULES = YES;
				CLANG_ENABLE_OBJC_ARC = YES;
				CLANG_ENABLE_OBJC_WEAK = YES;
				CLANG_WARN_BLOCK_CAPTURE_AUTORELEASING = YES;
				CLANG_WARN_BOOL_CONVERSION = YES;
				CLANG_WARN_COMMA = YES;
				CLANG_WARN_CONSTANT_CONVERSION = YES;
				CLANG_WARN_DEPRECATED_OBJC_IMPLEMENTATIONS = YES;
				CLANG_WARN_DIRECT_OBJC_ISA_USAGE = YES_ERROR;
				CLANG_WARN_DOCUMENTATION_COMMENTS = YES;
				CLANG_WARN_EMPTY_BODY = YES;
				CLANG_WARN_ENUM_CONVERSION = YES;
				CLANG_WARN_INFINITE_RECURSION = YES;
				CLANG_WARN_INT_CONVERSION = YES;
				CLANG_WARN_NON_LITERAL_NULL_CONVERSION = YES;
				CLANG_WARN_OBJC_IMPLICIT_RETAIN_SELF = YES;
				CLANG_WARN_OBJC_LITERAL_CONVERSION = YES;
				CLANG_WARN_OBJC_ROOT_CLASS = YES_ERROR;
				CLANG_WARN_QUOTED_INCLUDE_IN_FRAMEWORK_HEADER = YES;
				CLANG_WARN_RANGE_LOOP_ANALYSIS = YES;
				CLANG_WARN_STRICT_PROTOTYPES = YES;
				CLANG_WARN_SUSPICIOUS_MOVE = YES;
				CLANG_WARN_UNGUARDED_AVAILABILITY = YES_AGGRESSIVE;
				CLANG_WARN_UNREACHABLE_CODE = YES;
				CLANG_WARN__DUPLICATE_METHOD_MATCH = YES;
				COPY_PHASE_STRIP = NO;
				DEBUG_INFORMATION_FORMAT = "dwarf-with-dsym";
				ENABLE_NS_ASSERTIONS = NO;
				ENABLE_STRICT_OBJC_MSGSEND = YES;
				GCC_C_LANGUAGE_STANDARD = gnu11;
				GCC_NO_COMMON_BLOCKS = YES;
				GCC_WARN_64_TO_32_BIT_CONVERSION = YES;
				GCC_WARN_ABOUT_RETURN_TYPE = YES_ERROR;
				GCC_WARN_UNDECLARED_SELECTOR = YES;
				GCC_WARN_UNINITIALIZED_AUTOS = YES_AGGRESSIVE;
				GCC_WARN_UNUSED_FUNCTION = YES;
				GCC_WARN_UNUSED_VARIABLE = YES;
				IPHONEOS_DEPLOYMENT_TARGET = 15.2;
				MTL_ENABLE_DEBUG_INFO = NO;
				MTL_FAST_MATH = YES;
				SDKROOT = iphoneos;
				SWIFT_COMPILATION_MODE = wholemodule;
				SWIFT_OPTIMIZATION_LEVEL = "-O";
				VALIDATE_PRODUCT = YES;
			};
			name = Release;
		};
		B79C160527B83CC9000153DB /* Debug */ = {
			isa = XCBuildConfiguration;
			baseConfigurationReference = 5E79081EDF0FD23B99D8552C /* Pods-Mutables.debug.xcconfig */;
			buildSettings = {
				ASSETCATALOG_COMPILER_APPICON_NAME = AppIcon;
				ASSETCATALOG_COMPILER_GLOBAL_ACCENT_COLOR_NAME = AccentColor;
				CODE_SIGN_ENTITLEMENTS = Mutables/Mutables.entitlements;
				CODE_SIGN_STYLE = Automatic;
				CURRENT_PROJECT_VERSION = 1;
				DEVELOPMENT_TEAM = P7M46C5472;
				GENERATE_INFOPLIST_FILE = YES;
				INFOPLIST_FILE = Mutables/Info.plist;
				INFOPLIST_KEY_UIApplicationSupportsIndirectInputEvents = YES;
				INFOPLIST_KEY_UILaunchStoryboardName = LaunchScreen;
				INFOPLIST_KEY_UIMainStoryboardFile = Main;
				INFOPLIST_KEY_UISupportedInterfaceOrientations_iPad = "UIInterfaceOrientationPortrait UIInterfaceOrientationPortraitUpsideDown UIInterfaceOrientationLandscapeLeft UIInterfaceOrientationLandscapeRight";
				INFOPLIST_KEY_UISupportedInterfaceOrientations_iPhone = "UIInterfaceOrientationPortrait UIInterfaceOrientationLandscapeLeft UIInterfaceOrientationLandscapeRight";
				LD_RUNPATH_SEARCH_PATHS = (
					"$(inherited)",
					"@executable_path/Frameworks",
				);
				MARKETING_VERSION = 1.0;
				PRODUCT_BUNDLE_IDENTIFIER = com.rahulpawar166.Mutables;
				PRODUCT_NAME = "$(TARGET_NAME)";
				SWIFT_EMIT_LOC_STRINGS = YES;
				SWIFT_VERSION = 5.0;
				TARGETED_DEVICE_FAMILY = "1,2";
			};
			name = Debug;
		};
		B79C160627B83CC9000153DB /* Release */ = {
			isa = XCBuildConfiguration;
			baseConfigurationReference = 2DFFE3830007A51D6038252B /* Pods-Mutables.release.xcconfig */;
			buildSettings = {
				ASSETCATALOG_COMPILER_APPICON_NAME = AppIcon;
				ASSETCATALOG_COMPILER_GLOBAL_ACCENT_COLOR_NAME = AccentColor;
				CODE_SIGN_ENTITLEMENTS = Mutables/Mutables.entitlements;
				CODE_SIGN_STYLE = Automatic;
				CURRENT_PROJECT_VERSION = 1;
				DEVELOPMENT_TEAM = P7M46C5472;
				GENERATE_INFOPLIST_FILE = YES;
				INFOPLIST_FILE = Mutables/Info.plist;
				INFOPLIST_KEY_UIApplicationSupportsIndirectInputEvents = YES;
				INFOPLIST_KEY_UILaunchStoryboardName = LaunchScreen;
				INFOPLIST_KEY_UIMainStoryboardFile = Main;
				INFOPLIST_KEY_UISupportedInterfaceOrientations_iPad = "UIInterfaceOrientationPortrait UIInterfaceOrientationPortraitUpsideDown UIInterfaceOrientationLandscapeLeft UIInterfaceOrientationLandscapeRight";
				INFOPLIST_KEY_UISupportedInterfaceOrientations_iPhone = "UIInterfaceOrientationPortrait UIInterfaceOrientationLandscapeLeft UIInterfaceOrientationLandscapeRight";
				LD_RUNPATH_SEARCH_PATHS = (
					"$(inherited)",
					"@executable_path/Frameworks",
				);
				MARKETING_VERSION = 1.0;
				PRODUCT_BUNDLE_IDENTIFIER = com.rahulpawar166.Mutables;
				PRODUCT_NAME = "$(TARGET_NAME)";
				SWIFT_EMIT_LOC_STRINGS = YES;
				SWIFT_VERSION = 5.0;
				TARGETED_DEVICE_FAMILY = "1,2";
			};
			name = Release;
		};
		B7AB061E27CEE14B00C73802 /* Debug */ = {
			isa = XCBuildConfiguration;
			buildSettings = {
				BUNDLE_LOADER = "$(TEST_HOST)";
				CODE_SIGN_STYLE = Automatic;
				CURRENT_PROJECT_VERSION = 1;
				DEVELOPMENT_TEAM = P7M46C5472;
				GENERATE_INFOPLIST_FILE = YES;
				MARKETING_VERSION = 1.0;
				PRODUCT_BUNDLE_IDENTIFIER = com.rahulpawar166.MutablesTests;
				PRODUCT_NAME = "$(TARGET_NAME)";
				SWIFT_EMIT_LOC_STRINGS = NO;
				SWIFT_VERSION = 5.0;
				TARGETED_DEVICE_FAMILY = "1,2";
				TEST_HOST = "$(BUILT_PRODUCTS_DIR)/Mutables.app/Mutables";
			};
			name = Debug;
		};
		B7AB061F27CEE14B00C73802 /* Release */ = {
			isa = XCBuildConfiguration;
			buildSettings = {
				BUNDLE_LOADER = "$(TEST_HOST)";
				CODE_SIGN_STYLE = Automatic;
				CURRENT_PROJECT_VERSION = 1;
				DEVELOPMENT_TEAM = P7M46C5472;
				GENERATE_INFOPLIST_FILE = YES;
				MARKETING_VERSION = 1.0;
				PRODUCT_BUNDLE_IDENTIFIER = com.rahulpawar166.MutablesTests;
				PRODUCT_NAME = "$(TARGET_NAME)";
				SWIFT_EMIT_LOC_STRINGS = NO;
				SWIFT_VERSION = 5.0;
				TARGETED_DEVICE_FAMILY = "1,2";
				TEST_HOST = "$(BUILT_PRODUCTS_DIR)/Mutables.app/Mutables";
			};
			name = Release;
		};
/* End XCBuildConfiguration section */

/* Begin XCConfigurationList section */
		B79C15EB27B83CC7000153DB /* Build configuration list for PBXProject "Mutables" */ = {
			isa = XCConfigurationList;
			buildConfigurations = (
				B79C160227B83CC9000153DB /* Debug */,
				B79C160327B83CC9000153DB /* Release */,
			);
			defaultConfigurationIsVisible = 0;
			defaultConfigurationName = Release;
		};
		B79C160427B83CC9000153DB /* Build configuration list for PBXNativeTarget "Mutables" */ = {
			isa = XCConfigurationList;
			buildConfigurations = (
				B79C160527B83CC9000153DB /* Debug */,
				B79C160627B83CC9000153DB /* Release */,
			);
			defaultConfigurationIsVisible = 0;
			defaultConfigurationName = Release;
		};
		B7AB061D27CEE14B00C73802 /* Build configuration list for PBXNativeTarget "MutablesTests" */ = {
			isa = XCConfigurationList;
			buildConfigurations = (
				B7AB061E27CEE14B00C73802 /* Debug */,
				B7AB061F27CEE14B00C73802 /* Release */,
			);
			defaultConfigurationIsVisible = 0;
			defaultConfigurationName = Release;
		};
/* End XCConfigurationList section */
	};
	rootObject = B79C15E827B83CC7000153DB /* Project object */;
}
